<?xml version="1.0" encoding="utf-8"?>
<Project ToolsVersion="4.0" xmlns="http://schemas.microsoft.com/developer/msbuild/2003">
  <ItemGroup>
    <Filter Include="Source Files">
      <UniqueIdentifier>{4FC737F1-C7A5-4376-A066-2A32D752A2FF}</UniqueIdentifier>
      <Extensions>cpp;c;cc;cxx;def;odl;idl;hpj;bat;asm;asmx</Extensions>
    </Filter>
    <Filter Include="Header Files">
      <UniqueIdentifier>{93995380-89BD-4b04-88EB-625FBE52EBFB}</UniqueIdentifier>
      <Extensions>h;hh;hpp;hxx;hm;inl;inc;xsd</Extensions>
    </Filter>
    <Filter Include="Header Files\Detail">
      <UniqueIdentifier>{0da835a8-49f0-4157-b77d-e38661e567da}</UniqueIdentifier>
    </Filter>
  </ItemGroup>
  <ItemGroup>
    <ClCompile Include="AppPath.cpp">
      <Filter>Source Files</Filter>
    </ClCompile>
    <ClCompile Include="FileSystem.cpp">
      <Filter>Source Files</Filter>
    </ClCompile>
    <ClCompile Include="HighPerformanceClock.cpp">
      <Filter>Source Files</Filter>
    </ClCompile>
    <ClCompile Include="UUID.cpp">
      <Filter>Source Files</Filter>
    </ClCompile>
  </ItemGroup>
  <ItemGroup>
    <ClInclude Include="AppPath.hpp">
      <Filter>Header Files</Filter>
    </ClInclude>
    <ClInclude Include="FileSystem.hpp">
      <Filter>Header Files</Filter>
    </ClInclude>
    <ClInclude Include="HighPerformanceClock.hpp">
      <Filter>Header Files</Filter>
    </ClInclude>
    <ClInclude Include="TimeConversion.hpp">
      <Filter>Header Files</Filter>
    </ClInclude>
    <ClInclude Include="Timer.hpp">
      <Filter>Header Files</Filter>
    </ClInclude>
    <ClInclude Include="UUID.hpp">
      <Filter>Header Files</Filter>
    </ClInclude>
    <ClInclude Include="Detail\vc_dirent.h">
      <Filter>Header Files\Detail</Filter>
    </ClInclude>
  </ItemGroup>
</Project>