<?xml version="1.0" encoding="utf-8"?>
<Project ToolsVersion="4.0" xmlns="http://schemas.microsoft.com/developer/msbuild/2003">
  <ItemGroup>
    <Filter Include="Source Files">
      <UniqueIdentifier>{4FC737F1-C7A5-4376-A066-2A32D752A2FF}</UniqueIdentifier>
      <Extensions>cpp;c;cc;cxx;def;odl;idl;hpj;bat;asm;asmx</Extensions>
    </Filter>
    <Filter Include="Header Files">
      <UniqueIdentifier>{93995380-89BD-4b04-88EB-625FBE52EBFB}</UniqueIdentifier>
      <Extensions>h;hh;hpp;hxx;hm;inl;inc;xsd</Extensions>
    </Filter>
    <Filter Include="Resource Files">
      <UniqueIdentifier>{67DA6AB6-F800-4c08-8B7A-83BB121AAD01}</UniqueIdentifier>
      <Extensions>rc;ico;cur;bmp;dlg;rc2;rct;bin;rgs;gif;jpg;jpeg;jpe;resx;tiff;tif;png;wav;mfcribbon-ms</Extensions>
    </Filter>
    <Filter Include="Test Files">
      <UniqueIdentifier>{69a06cc1-4d86-4928-baf5-30a66d2ae86c}</UniqueIdentifier>
    </Filter>
    <Filter Include="_ Projects">
      <UniqueIdentifier>{6d69b823-78f3-4b54-af25-a803bd68f0e1}</UniqueIdentifier>
    </Filter>
    <Filter Include="_ Projects\Testing">
      <UniqueIdentifier>{d0edcbd9-67ff-4a6b-b48e-da1fd1b50c1b}</UniqueIdentifier>
    </Filter>
  </ItemGroup>
  <ItemGroup>
    <ClInclude Include="ParserConfig.hpp">
      <Filter>Header Files</Filter>
    </ClInclude>
    <ClInclude Include="Tester.hpp">
      <Filter>Header Files</Filter>
    </ClInclude>
    <ClInclude Include="_PCH.hpp">
      <Filter>Header Files</Filter>
    </ClInclude>
    <ClInclude Include="Lexer.hpp">
      <Filter>Header Files</Filter>
    </ClInclude>
    <ClInclude Include="Parser.hpp">
      <Filter>Header Files</Filter>
    </ClInclude>
    <ClInclude Include="Symbol.hpp">
      <Filter>Header Files</Filter>
    </ClInclude>
    <ClInclude Include="Node.hpp">
      <Filter>Header Files</Filter>
    </ClInclude>
    <ClInclude Include="Operator.hpp">
      <Filter>Header Files</Filter>
    </ClInclude>
    <ClInclude Include="TypeInformation.hpp">
      <Filter>Header Files</Filter>
    </ClInclude>
    <ClInclude Include="Platform.hpp">
      <Filter>Header Files</Filter>
    </ClInclude>
    <ClInclude Include="Module.hpp">
      <Filter>Header Files</Filter>
    </ClInclude>
    <ClInclude Include="Environment.hpp">
      <Filter>Header Files</Filter>
    </ClInclude>
    <ClInclude Include="StmtParser.hpp">
      <Filter>Header Files</Filter>
    </ClInclude>
    <ClInclude Include="FunctionParser.hpp">
      <Filter>Header Files</Filter>
    </ClInclude>
    <ClInclude Include="UDTParser.hpp">
      <Filter>Header Files</Filter>
    </ClInclude>
    <ClInclude Include="Program.hpp">
      <Filter>Header Files</Filter>
    </ClInclude>
    <ClInclude Include="ExprParser.hpp">
      <Filter>Header Files</Filter>
    </ClInclude>
    <ClInclude Include="BuiltinType.hpp">
      <Filter>Header Files</Filter>
    </ClInclude>
    <ClInclude Include="CodeGen.hpp">
      <Filter>Header Files</Filter>
    </ClInclude>
    <ClInclude Include="Options.hpp">
      <Filter>Header Files</Filter>
    </ClInclude>
    <ClInclude Include="Project.hpp">
      <Filter>Header Files</Filter>
    </ClInclude>
    <ClInclude Include="Binutils.hpp">
      <Filter>Header Files</Filter>
    </ClInclude>
    <ClInclude Include="Shell.hpp">
      <Filter>Header Files</Filter>
    </ClInclude>
  </ItemGroup>
  <ItemGroup>
    <ClCompile Include="Main.cpp">
      <Filter>Source Files</Filter>
    </ClCompile>
    <ClCompile Include="Tester.cpp">
      <Filter>Source Files</Filter>
    </ClCompile>
    <ClCompile Include="_PCH.cpp">
      <Filter>Source Files</Filter>
    </ClCompile>
    <ClCompile Include="ParserConfig.cpp">
      <Filter>Source Files</Filter>
    </ClCompile>
    <ClCompile Include="Lexer.cpp">
      <Filter>Source Files</Filter>
    </ClCompile>
    <ClCompile Include="Parser.cpp">
      <Filter>Source Files</Filter>
    </ClCompile>
    <ClCompile Include="Node.cpp">
      <Filter>Source Files</Filter>
    </ClCompile>
    <ClCompile Include="TypeInformation.cpp">
      <Filter>Source Files</Filter>
    </ClCompile>
    <ClCompile Include="Platform.cpp">
      <Filter>Source Files</Filter>
    </ClCompile>
    <ClCompile Include="Module.cpp">
      <Filter>Source Files</Filter>
    </ClCompile>
    <ClCompile Include="Symbol.cpp">
      <Filter>Source Files</Filter>
    </ClCompile>
    <ClCompile Include="Environment.cpp">
      <Filter>Source Files</Filter>
    </ClCompile>
    <ClCompile Include="StmtParser.cpp">
      <Filter>Source Files</Filter>
    </ClCompile>
    <ClCompile Include="FunctionParser.cpp">
      <Filter>Source Files</Filter>
    </ClCompile>
    <ClCompile Include="UDTParser.cpp">
      <Filter>Source Files</Filter>
    </ClCompile>
    <ClCompile Include="Program.cpp">
      <Filter>Source Files</Filter>
    </ClCompile>
    <ClCompile Include="ExprParser.cpp">
      <Filter>Source Files</Filter>
    </ClCompile>
    <ClCompile Include="BuiltinType.cpp">
      <Filter>Source Files</Filter>
    </ClCompile>
    <ClCompile Include="CodeGen.cpp">
      <Filter>Source Files</Filter>
    </ClCompile>
    <ClCompile Include="Parser_Compile.cpp">
      <Filter>Source Files</Filter>
    </ClCompile>
    <ClCompile Include="Options.cpp">
      <Filter>Source Files</Filter>
    </ClCompile>
    <ClCompile Include="Project.cpp">
      <Filter>Source Files</Filter>
    </ClCompile>
    <ClCompile Include="Binutils.cpp">
      <Filter>Source Files</Filter>
    </ClCompile>
    <ClCompile Include="Shell.cpp">
      <Filter>Source Files</Filter>
    </ClCompile>
    <ClCompile Include="CodeGen_Cast.cpp">
      <Filter>Source Files</Filter>
    </ClCompile>
    <ClCompile Include="CodeGen_Expr.cpp">
      <Filter>Source Files</Filter>
    </ClCompile>
    <ClCompile Include="CodeGen_Labels.cpp">
      <Filter>Source Files</Filter>
    </ClCompile>
    <ClCompile Include="CodeGen_Main.cpp">
      <Filter>Source Files</Filter>
    </ClCompile>
    <ClCompile Include="CodeGen_Mods.cpp">
      <Filter>Source Files</Filter>
    </ClCompile>
    <ClCompile Include="CodeGen_Types.cpp">
      <Filter>Source Files</Filter>
    </ClCompile>
    <ClCompile Include="CodeGen_Writer.cpp">
      <Filter>Source Files</Filter>
    </ClCompile>
    <ClCompile Include="..\Projects\Testing\MinRT.c">
      <Filter>_ Projects\Testing</Filter>
    </ClCompile>
  </ItemGroup>
  <ItemGroup>
    <Text Include="Tests\001-WhitespaceAndNames.te">
      <Filter>Test Files</Filter>
    </Text>
  </ItemGroup>
  <ItemGroup>
    <None Include="Tests\002-Literals.te">
      <Filter>Test Files</Filter>
    </None>
    <None Include="Tests\003-Punctuation.te">
      <Filter>Test Files</Filter>
    </None>
    <None Include="Tests\004-NamedOps.te">
      <Filter>Test Files</Filter>
    </None>
    <None Include="Tests\005-ParserBasics.te">
      <Filter>Test Files</Filter>
    </None>
    <None Include="Tests\006-TypesFuncs.te">
      <Filter>Test Files</Filter>
    </None>
    <None Include="Tests\007-Semant.te">
      <Filter>Test Files</Filter>
    </None>
    <None Include="Tests\008-CodeGen.te">
      <Filter>Test Files</Filter>
    </None>
    <None Include="..\Projects\Testing\LineMath.te">
      <Filter>_ Projects\Testing</Filter>
    </None>
    <None Include="..\Projects\Testing\Test01.ll">
      <Filter>_ Projects\Testing</Filter>
    </None>
    <None Include="..\Projects\Testing\Test01.s">
      <Filter>_ Projects\Testing</Filter>
    </None>
    <None Include="..\Projects\Testing\Test01.te">
      <Filter>_ Projects\Testing</Filter>
    </None>
    <None Include="..\Projects\Testing\Test01.teproj">
      <Filter>_ Projects\Testing</Filter>
    </None>
  </ItemGroup>
  <ItemGroup>
    <ResourceCompile Include="Resources\Compiler.rc">
      <Filter>Resource Files</Filter>
    </ResourceCompile>
  </ItemGroup>
</Project>